// !$*UTF8*$!
{
	archiveVersion = 1;
	classes = {
	};
	objectVersion = 77;
	objects = {

/* Begin PBXContainerItemProxy section */
		23700A292D84A68A00710C75 /* PBXContainerItemProxy */ = {
			isa = PBXContainerItemProxy;
			containerPortal = 23700A0A2D84A68800710C75 /* Project object */;
			proxyType = 1;
			remoteGlobalIDString = 23700A112D84A68800710C75;
			remoteInfo = "Sukhpreet-Saini_COMP2125-Sec001_Lab03-Exercise1";
		};
		23700A332D84A68A00710C75 /* PBXContainerItemProxy */ = {
			isa = PBXContainerItemProxy;
			containerPortal = 23700A0A2D84A68800710C75 /* Project object */;
			proxyType = 1;
			remoteGlobalIDString = 23700A112D84A68800710C75;
			remoteInfo = "Sukhpreet-Saini_COMP2125-Sec001_Lab03-Exercise1";
		};
/* End PBXContainerItemProxy section */

/* Begin PBXFileReference section */
		23700A122D84A68800710C75 /* Sukhpreet-Saini_COMP2125-Sec001_Lab03-Exercise1.app */ = {isa = PBXFileReference; explicitFileType = wrapper.application; includeInIndex = 0; path = "Sukhpreet-Saini_COMP2125-Sec001_Lab03-Exercise1.app"; sourceTree = BUILT_PRODUCTS_DIR; };
		23700A282D84A68A00710C75 /* Sukhpreet-Saini_COMP2125-Sec001_Lab03-Exercise1Tests.xctest */ = {isa = PBXFileReference; explicitFileType = wrapper.cfbundle; includeInIndex = 0; path = "Sukhpreet-Saini_COMP2125-Sec001_Lab03-Exercise1Tests.xctest"; sourceTree = BUILT_PRODUCTS_DIR; };
		23700A322D84A68A00710C75 /* Sukhpreet-Saini_COMP2125-Sec001_Lab03-Exercise1UITests.xctest */ = {isa = PBXFileReference; explicitFileType = wrapper.cfbundle; includeInIndex = 0; path = "Sukhpreet-Saini_COMP2125-Sec001_Lab03-Exercise1UITests.xctest"; sourceTree = BUILT_PRODUCTS_DIR; };
/* End PBXFileReference section */

/* Begin PBXFileSystemSynchronizedBuildFileExceptionSet section */
		23700A3A2D84A68A00710C75 /* Exceptions for "Sukhpreet-Saini_COMP2125-Sec001_Lab03-Exercise1" folder in "Sukhpreet-Saini_COMP2125-Sec001_Lab03-Exercise1" target */ = {
			isa = PBXFileSystemSynchronizedBuildFileExceptionSet;
			membershipExceptions = (
				Info.plist,
			);
			target = 23700A112D84A68800710C75 /* Sukhpreet-Saini_COMP2125-Sec001_Lab03-Exercise1 */;
		};
/* End PBXFileSystemSynchronizedBuildFileExceptionSet section */

/* Begin PBXFileSystemSynchronizedRootGroup section */
		23700A142D84A68800710C75 /* Sukhpreet-Saini_COMP2125-Sec001_Lab03-Exercise1 */ = {
			isa = PBXFileSystemSynchronizedRootGroup;
			exceptions = (
				23700A3A2D84A68A00710C75 /* Exceptions for "Sukhpreet-Saini_COMP2125-Sec001_Lab03-Exercise1" folder in "Sukhpreet-Saini_COMP2125-Sec001_Lab03-Exercise1" target */,
			);
			path = "Sukhpreet-Saini_COMP2125-Sec001_Lab03-Exercise1";
			sourceTree = "<group>";
		};
		23700A2B2D84A68A00710C75 /* Sukhpreet-Saini_COMP2125-Sec001_Lab03-Exercise1Tests */ = {
			isa = PBXFileSystemSynchronizedRootGroup;
			path = "Sukhpreet-Saini_COMP2125-Sec001_Lab03-Exercise1Tests";
			sourceTree = "<group>";
		};
		23700A352D84A68A00710C75 /* Sukhpreet-Saini_COMP2125-Sec001_Lab03-Exercise1UITests */ = {
			isa = PBXFileSystemSynchronizedRootGroup;
			path = "Sukhpreet-Saini_COMP2125-Sec001_Lab03-Exercise1UITests";
			sourceTree = "<group>";
		};
/* End PBXFileSystemSynchronizedRootGroup section */

/* Begin PBXFrameworksBuildPhase section */
		23700A0F2D84A68800710C75 /* Frameworks */ = {
			isa = PBXFrameworksBuildPhase;
			buildActionMask = 2147483647;
			files = (
			);
			runOnlyForDeploymentPostprocessing = 0;
		};
		23700A252D84A68A00710C75 /* Frameworks */ = {
			isa = PBXFrameworksBuildPhase;
			buildActionMask = 2147483647;
			files = (
			);
			runOnlyForDeploymentPostprocessing = 0;
		};
		23700A2F2D84A68A00710C75 /* Frameworks */ = {
			isa = PBXFrameworksBuildPhase;
			buildActionMask = 2147483647;
			files = (
			);
			runOnlyForDeploymentPostprocessing = 0;
		};
/* End PBXFrameworksBuildPhase section */

/* Begin PBXGroup section */
		23700A092D84A68800710C75 = {
			isa = PBXGroup;
			children = (
				23700A142D84A68800710C75 /* Sukhpreet-Saini_COMP2125-Sec001_Lab03-Exercise1 */,
				23700A2B2D84A68A00710C75 /* Sukhpreet-Saini_COMP2125-Sec001_Lab03-Exercise1Tests */,
				23700A352D84A68A00710C75 /* Sukhpreet-Saini_COMP2125-Sec001_Lab03-Exercise1UITests */,
				23700A132D84A68800710C75 /* Products */,
			);
			sourceTree = "<group>";
		};
		23700A132D84A68800710C75 /* Products */ = {
			isa = PBXGroup;
			children = (
				23700A122D84A68800710C75 /* Sukhpreet-Saini_COMP2125-Sec001_Lab03-Exercise1.app */,
				23700A282D84A68A00710C75 /* Sukhpreet-Saini_COMP2125-Sec001_Lab03-Exercise1Tests.xctest */,
				23700A322D84A68A00710C75 /* Sukhpreet-Saini_COMP2125-Sec001_Lab03-Exercise1UITests.xctest */,
			);
			name = Products;
			sourceTree = "<group>";
		};
/* End PBXGroup section */

/* Begin PBXNativeTarget section */
		23700A112D84A68800710C75 /* Sukhpreet-Saini_COMP2125-Sec001_Lab03-Exercise1 */ = {
			isa = PBXNativeTarget;
			buildConfigurationList = 23700A3B2D84A68A00710C75 /* Build configuration list for PBXNativeTarget "Sukhpreet-Saini_COMP2125-Sec001_Lab03-Exercise1" */;
			buildPhases = (
				23700A0E2D84A68800710C75 /* Sources */,
				23700A0F2D84A68800710C75 /* Frameworks */,
				23700A102D84A68800710C75 /* Resources */,
			);
			buildRules = (
			);
			dependencies = (
			);
			fileSystemSynchronizedGroups = (
				23700A142D84A68800710C75 /* Sukhpreet-Saini_COMP2125-Sec001_Lab03-Exercise1 */,
			);
			name = "Sukhpreet-Saini_COMP2125-Sec001_Lab03-Exercise1";
			packageProductDependencies = (
			);
			productName = "Sukhpreet-Saini_COMP2125-Sec001_Lab03-Exercise1";
			productReference = 23700A122D84A68800710C75 /* Sukhpreet-Saini_COMP2125-Sec001_Lab03-Exercise1.app */;
			productType = "com.apple.product-type.application";
		};
		23700A272D84A68A00710C75 /* Sukhpreet-Saini_COMP2125-Sec001_Lab03-Exercise1Tests */ = {
			isa = PBXNativeTarget;
			buildConfigurationList = 23700A402D84A68A00710C75 /* Build configuration list for PBXNativeTarget "Sukhpreet-Saini_COMP2125-Sec001_Lab03-Exercise1Tests" */;
			buildPhases = (
				23700A242D84A68A00710C75 /* Sources */,
				23700A252D84A68A00710C75 /* Frameworks */,
				23700A262D84A68A00710C75 /* Resources */,
			);
			buildRules = (
			);
			dependencies = (
				23700A2A2D84A68A00710C75 /* PBXTargetDependency */,
			);
			fileSystemSynchronizedGroups = (
				23700A2B2D84A68A00710C75 /* Sukhpreet-Saini_COMP2125-Sec001_Lab03-Exercise1Tests */,
			);
			name = "Sukhpreet-Saini_COMP2125-Sec001_Lab03-Exercise1Tests";
			packageProductDependencies = (
			);
			productName = "Sukhpreet-Saini_COMP2125-Sec001_Lab03-Exercise1Tests";
			productReference = 23700A282D84A68A00710C75 /* Sukhpreet-Saini_COMP2125-Sec001_Lab03-Exercise1Tests.xctest */;
			productType = "com.apple.product-type.bundle.unit-test";
		};
		23700A312D84A68A00710C75 /* Sukhpreet-Saini_COMP2125-Sec001_Lab03-Exercise1UITests */ = {
			isa = PBXNativeTarget;
			buildConfigurationList = 23700A432D84A68A00710C75 /* Build configuration list for PBXNativeTarget "Sukhpreet-Saini_COMP2125-Sec001_Lab03-Exercise1UITests" */;
			buildPhases = (
				23700A2E2D84A68A00710C75 /* Sources */,
				23700A2F2D84A68A00710C75 /* Frameworks */,
				23700A302D84A68A00710C75 /* Resources */,
			);
			buildRules = (
			);
			dependencies = (
				23700A342D84A68A00710C75 /* PBXTargetDependency */,
			);
			fileSystemSynchronizedGroups = (
				23700A352D84A68A00710C75 /* Sukhpreet-Saini_COMP2125-Sec001_Lab03-Exercise1UITests */,
			);
			name = "Sukhpreet-Saini_COMP2125-Sec001_Lab03-Exercise1UITests";
			packageProductDependencies = (
			);
			productName = "Sukhpreet-Saini_COMP2125-Sec001_Lab03-Exercise1UITests";
			productReference = 23700A322D84A68A00710C75 /* Sukhpreet-Saini_COMP2125-Sec001_Lab03-Exercise1UITests.xctest */;
			productType = "com.apple.product-type.bundle.ui-testing";
		};
/* End PBXNativeTarget section */

/* Begin PBXProject section */
		23700A0A2D84A68800710C75 /* Project object */ = {
			isa = PBXProject;
			attributes = {
				BuildIndependentTargetsInParallel = 1;
				LastSwiftUpdateCheck = 1620;
				LastUpgradeCheck = 1620;
				TargetAttributes = {
					23700A112D84A68800710C75 = {
						CreatedOnToolsVersion = 16.2;
					};
					23700A272D84A68A00710C75 = {
						CreatedOnToolsVersion = 16.2;
						TestTargetID = 23700A112D84A68800710C75;
					};
					23700A312D84A68A00710C75 = {
						CreatedOnToolsVersion = 16.2;
						TestTargetID = 23700A112D84A68800710C75;
					};
				};
			};
			buildConfigurationList = 23700A0D2D84A68800710C75 /* Build configuration list for PBXProject "Sukhpreet-Saini_COMP2125-Sec001_Lab03-Exercise1" */;
			developmentRegion = en;
			hasScannedForEncodings = 0;
			knownRegions = (
				en,
				Base,
			);
			mainGroup = 23700A092D84A68800710C75;
			minimizedProjectReferenceProxies = 1;
			preferredProjectObjectVersion = 77;
			productRefGroup = 23700A132D84A68800710C75 /* Products */;
			projectDirPath = "";
			projectRoot = "";
			targets = (
				23700A112D84A68800710C75 /* Sukhpreet-Saini_COMP2125-Sec001_Lab03-Exercise1 */,
				23700A272D84A68A00710C75 /* Sukhpreet-Saini_COMP2125-Sec001_Lab03-Exercise1Tests */,
				23700A312D84A68A00710C75 /* Sukhpreet-Saini_COMP2125-Sec001_Lab03-Exercise1UITests */,
			);
		};
/* End PBXProject section */

/* Begin PBXResourcesBuildPhase section */
		23700A102D84A68800710C75 /* Resources */ = {
			isa = PBXResourcesBuildPhase;
			buildActionMask = 2147483647;
			files = (
			);
			runOnlyForDeploymentPostprocessing = 0;
		};
		23700A262D84A68A00710C75 /* Resources */ = {
			isa = PBXResourcesBuildPhase;
			buildActionMask = 2147483647;
			files = (
			);
			runOnlyForDeploymentPostprocessing = 0;
		};
		23700A302D84A68A00710C75 /* Resources */ = {
			isa = PBXResourcesBuildPhase;
			buildActionMask = 2147483647;
			files = (
			);
			runOnlyForDeploymentPostprocessing = 0;
		};
/* End PBXResourcesBuildPhase section */

/* Begin PBXSourcesBuildPhase section */
		23700A0E2D84A68800710C75 /* Sources */ = {
			isa = PBXSourcesBuildPhase;
			buildActionMask = 2147483647;
			files = (
			);
			runOnlyForDeploymentPostprocessing = 0;
		};
		23700A242D84A68A00710C75 /* Sources */ = {
			isa = PBXSourcesBuildPhase;
			buildActionMask = 2147483647;
			files = (
			);
			runOnlyForDeploymentPostprocessing = 0;
		};
		23700A2E2D84A68A00710C75 /* Sources */ = {
			isa = PBXSourcesBuildPhase;
			buildActionMask = 2147483647;
			files = (
			);
			runOnlyForDeploymentPostprocessing = 0;
		};
/* End PBXSourcesBuildPhase section */

/* Begin PBXTargetDependency section */
		23700A2A2D84A68A00710C75 /* PBXTargetDependency */ = {
			isa = PBXTargetDependency;
			target = 23700A112D84A68800710C75 /* Sukhpreet-Saini_COMP2125-Sec001_Lab03-Exercise1 */;
			targetProxy = 23700A292D84A68A00710C75 /* PBXContainerItemProxy */;
		};
		23700A342D84A68A00710C75 /* PBXTargetDependency */ = {
			isa = PBXTargetDependency;
			target = 23700A112D84A68800710C75 /* Sukhpreet-Saini_COMP2125-Sec001_Lab03-Exercise1 */;
			targetProxy = 23700A332D84A68A00710C75 /* PBXContainerItemProxy */;
		};
/* End PBXTargetDependency section */

/* Begin XCBuildConfiguration section */
		23700A3C2D84A68A00710C75 /* Debug */ = {
			isa = XCBuildConfiguration;
			buildSettings = {
				ASSETCATALOG_COMPILER_APPICON_NAME = AppIcon;
				ASSETCATALOG_COMPILER_GLOBAL_ACCENT_COLOR_NAME = AccentColor;
				CODE_SIGN_STYLE = Automatic;
				CURRENT_PROJECT_VERSION = 1;
				GENERATE_INFOPLIST_FILE = YES;
				INFOPLIST_FILE = "Sukhpreet-Saini_COMP2125-Sec001_Lab03-Exercise1/Info.plist";
				INFOPLIST_KEY_UIApplicationSupportsIndirectInputEvents = YES;
				INFOPLIST_KEY_UILaunchStoryboardName = LaunchScreen;
				INFOPLIST_KEY_UIMainStoryboardFile = Main;
				INFOPLIST_KEY_UISupportedInterfaceOrientations_iPad = "UIInterfaceOrientationPortrait UIInterfaceOrientationPortraitUpsideDown UIInterfaceOrientationLandscapeLeft UIInterfaceOrientationLandscapeRight";
				INFOPLIST_KEY_UISupportedInterfaceOrientations_iPhone = "UIInterfaceOrientationPortrait UIInterfaceOrientationLandscapeLeft UIInterfaceOrientationLandscapeRight";
				LD_RUNPATH_SEARCH_PATHS = (
					"$(inherited)",
					"@executable_path/Frameworks",
				);
				MARKETING_VERSION = 1.0;
				PRODUCT_BUNDLE_IDENTIFIER = "GeorgianCollege.Sukhpreet-Saini-COMP2125-Sec001-Lab03-Exercise1";
				PRODUCT_NAME = "$(TARGET_NAME)";
				SWIFT_EMIT_LOC_STRINGS = YES;
				SWIFT_VERSION = 5.0;
				TARGETED_DEVICE_FAMILY = "1,2";
			};
			name = Debug;
		};
		23700A3D2D84A68A00710C75 /* Release */ = {
			isa = XCBuildConfiguration;
			buildSettings = {
				ASSETCATALOG_COMPILER_APPICON_NAME = AppIcon;
				ASSETCATALOG_COMPILER_GLOBAL_ACCENT_COLOR_NAME = AccentColor;
				CODE_SIGN_STYLE = Automatic;
				CURRENT_PROJECT_VERSION = 1;
				GENERATE_INFOPLIST_FILE = YES;
				INFOPLIST_FILE = "Sukhpreet-Saini_COMP2125-Sec001_Lab03-Exercise1/Info.plist";
				INFOPLIST_KEY_UIApplicationSupportsIndirectInputEvents = YES;
				INFOPLIST_KEY_UILaunchStoryboardName = LaunchScreen;
				INFOPLIST_KEY_UIMainStoryboardFile = Main;
				INFOPLIST_KEY_UISupportedInterfaceOrientations_iPad = "UIInterfaceOrientationPortrait UIInterfaceOrientationPortraitUpsideDown UIInterfaceOrientationLandscapeLeft UIInterfaceOrientationLandscapeRight";
				INFOPLIST_KEY_UISupportedInterfaceOrientations_iPhone = "UIInterfaceOrientationPortrait UIInterfaceOrientationLandscapeLeft UIInterfaceOrientationLandscapeRight";
				LD_RUNPATH_SEARCH_PATHS = (
					"$(inherited)",
					"@executable_path/Frameworks",
				);
				MARKETING_VERSION = 1.0;
				PRODUCT_BUNDLE_IDENTIFIER = "GeorgianCollege.Sukhpreet-Saini-COMP2125-Sec001-Lab03-Exercise1";
				PRODUCT_NAME = "$(TARGET_NAME)";
				SWIFT_EMIT_LOC_STRINGS = YES;
				SWIFT_VERSION = 5.0;
				TARGETED_DEVICE_FAMILY = "1,2";
			};
			name = Release;
		};
		23700A3E2D84A68A00710C75 /* Debug */ = {
			isa = XCBuildConfiguration;
			buildSettings = {
				ALWAYS_SEARCH_USER_PATHS = NO;
				ASSETCATALOG_COMPILER_GENERATE_SWIFT_ASSET_SYMBOL_EXTENSIONS = YES;
				CLANG_ANALYZER_NONNULL = YES;
				CLANG_ANALYZER_NUMBER_OBJECT_CONVERSION = YES_AGGRESSIVE;
				CLANG_CXX_LANGUAGE_STANDARD = "gnu++20";
				CLANG_ENABLE_MODULES = YES;
				CLANG_ENABLE_OBJC_ARC = YES;
				CLANG_ENABLE_OBJC_WEAK = YES;
				CLANG_WARN_BLOCK_CAPTURE_AUTORELEASING = YES;
				CLANG_WARN_BOOL_CONVERSION = YES;
				CLANG_WARN_COMMA = YES;
				CLANG_WARN_CONSTANT_CONVERSION = YES;
				CLANG_WARN_DEPRECATED_OBJC_IMPLEMENTATIONS = YES;
				CLANG_WARN_DIRECT_OBJC_ISA_USAGE = YES_ERROR;
				CLANG_WARN_DOCUMENTATION_COMMENTS = YES;
				CLANG_WARN_EMPTY_BODY = YES;
				CLANG_WARN_ENUM_CONVERSION = YES;
				CLANG_WARN_INFINITE_RECURSION = YES;
				CLANG_WARN_INT_CONVERSION = YES;
				CLANG_WARN_NON_LITERAL_NULL_CONVERSION = YES;
				CLANG_WARN_OBJC_IMPLICIT_RETAIN_SELF = YES;
				CLANG_WARN_OBJC_LITERAL_CONVERSION = YES;
				CLANG_WARN_OBJC_ROOT_CLASS = YES_ERROR;
				CLANG_WARN_QUOTED_INCLUDE_IN_FRAMEWORK_HEADER = YES;
				CLANG_WARN_RANGE_LOOP_ANALYSIS = YES;
				CLANG_WARN_STRICT_PROTOTYPES = YES;
				CLANG_WARN_SUSPICIOUS_MOVE = YES;
				CLANG_WARN_UNGUARDED_AVAILABILITY = YES_AGGRESSIVE;
				CLANG_WARN_UNREACHABLE_CODE = YES;
				CLANG_WARN__DUPLICATE_METHOD_MATCH = YES;
				COPY_PHASE_STRIP = NO;
				DEBUG_INFORMATION_FORMAT = dwarf;
				ENABLE_STRICT_OBJC_MSGSEND = YES;
				ENABLE_TESTABILITY = YES;
				ENABLE_USER_SCRIPT_SANDBOXING = YES;
				GCC_C_LANGUAGE_STANDARD = gnu17;
				GCC_DYNAMIC_NO_PIC = NO;
				GCC_NO_COMMON_BLOCKS = YES;
				GCC_OPTIMIZATION_LEVEL = 0;
				GCC_PREPROCESSOR_DEFINITIONS = (
					"DEBUG=1",
					"$(inherited)",
				);
				GCC_WARN_64_TO_32_BIT_CONVERSION = YES;
				GCC_WARN_ABOUT_RETURN_TYPE = YES_ERROR;
				GCC_WARN_UNDECLARED_SELECTOR = YES;
				GCC_WARN_UNINITIALIZED_AUTOS = YES_AGGRESSIVE;
				GCC_WARN_UNUSED_FUNCTION = YES;
				GCC_WARN_UNUSED_VARIABLE = YES;
				IPHONEOS_DEPLOYMENT_TARGET = 18.2;
				LOCALIZATION_PREFERS_STRING_CATALOGS = YES;
				MTL_ENABLE_DEBUG_INFO = INCLUDE_SOURCE;
				MTL_FAST_MATH = YES;
				ONLY_ACTIVE_ARCH = YES;
				SDKROOT = iphoneos;
				SWIFT_ACTIVE_COMPILATION_CONDITIONS = "DEBUG $(inherited)";
				SWIFT_OPTIMIZATION_LEVEL = "-Onone";
			};
			name = Debug;
		};
		23700A3F2D84A68A00710C75 /* Release */ = {
			isa = XCBuildConfiguration;
			buildSettings = {
				ALWAYS_SEARCH_USER_PATHS = NO;
				ASSETCATALOG_COMPILER_GENERATE_SWIFT_ASSET_SYMBOL_EXTENSIONS = YES;
				CLANG_ANALYZER_NONNULL = YES;
				CLANG_ANALYZER_NUMBER_OBJECT_CONVERSION = YES_AGGRESSIVE;
				CLANG_CXX_LANGUAGE_STANDARD = "gnu++20";
				CLANG_ENABLE_MODULES = YES;
				CLANG_ENABLE_OBJC_ARC = YES;
				CLANG_ENABLE_OBJC_WEAK = YES;
				CLANG_WARN_BLOCK_CAPTURE_AUTORELEASING = YES;
				CLANG_WARN_BOOL_CONVERSION = YES;
				CLANG_WARN_COMMA = YES;
				CLANG_WARN_CONSTANT_CONVERSION = YES;
				CLANG_WARN_DEPRECATED_OBJC_IMPLEMENTATIONS = YES;
				CLANG_WARN_DIRECT_OBJC_ISA_USAGE = YES_ERROR;
				CLANG_WARN_DOCUMENTATION_COMMENTS = YES;
				CLANG_WARN_EMPTY_BODY = YES;
				CLANG_WARN_ENUM_CONVERSION = YES;
				CLANG_WARN_INFINITE_RECURSION = YES;
				CLANG_WARN_INT_CONVERSION = YES;
				CLANG_WARN_NON_LITERAL_NULL_CONVERSION = YES;
				CLANG_WARN_OBJC_IMPLICIT_RETAIN_SELF = YES;
				CLANG_WARN_OBJC_LITERAL_CONVERSION = YES;
				CLANG_WARN_OBJC_ROOT_CLASS = YES_ERROR;
				CLANG_WARN_QUOTED_INCLUDE_IN_FRAMEWORK_HEADER = YES;
				CLANG_WARN_RANGE_LOOP_ANALYSIS = YES;
				CLANG_WARN_STRICT_PROTOTYPES = YES;
				CLANG_WARN_SUSPICIOUS_MOVE = YES;
				CLANG_WARN_UNGUARDED_AVAILABILITY = YES_AGGRESSIVE;
				CLANG_WARN_UNREACHABLE_CODE = YES;
				CLANG_WARN__DUPLICATE_METHOD_MATCH = YES;
				COPY_PHASE_STRIP = NO;
				DEBUG_INFORMATION_FORMAT = "dwarf-with-dsym";
				ENABLE_NS_ASSERTIONS = NO;
				ENABLE_STRICT_OBJC_MSGSEND = YES;
				ENABLE_USER_SCRIPT_SANDBOXING = YES;
				GCC_C_LANGUAGE_STANDARD = gnu17;
				GCC_NO_COMMON_BLOCKS = YES;
				GCC_WARN_64_TO_32_BIT_CONVERSION = YES;
				GCC_WARN_ABOUT_RETURN_TYPE = YES_ERROR;
				GCC_WARN_UNDECLARED_SELECTOR = YES;
				GCC_WARN_UNINITIALIZED_AUTOS = YES_AGGRESSIVE;
				GCC_WARN_UNUSED_FUNCTION = YES;
				GCC_WARN_UNUSED_VARIABLE = YES;
				IPHONEOS_DEPLOYMENT_TARGET = 18.2;
				LOCALIZATION_PREFERS_STRING_CATALOGS = YES;
				MTL_ENABLE_DEBUG_INFO = NO;
				MTL_FAST_MATH = YES;
				SDKROOT = iphoneos;
				SWIFT_COMPILATION_MODE = wholemodule;
				VALIDATE_PRODUCT = YES;
			};
			name = Release;
		};
		23700A412D84A68A00710C75 /* Debug */ = {
			isa = XCBuildConfiguration;
			buildSettings = {
				BUNDLE_LOADER = "$(TEST_HOST)";
				CODE_SIGN_STYLE = Automatic;
				CURRENT_PROJECT_VERSION = 1;
				GENERATE_INFOPLIST_FILE = YES;
				IPHONEOS_DEPLOYMENT_TARGET = 18.2;
				MARKETING_VERSION = 1.0;
				PRODUCT_BUNDLE_IDENTIFIER = "GeorgianCollege.Sukhpreet-Saini-COMP2125-Sec001-Lab03-Exercise1Tests";
				PRODUCT_NAME = "$(TARGET_NAME)";
				SWIFT_EMIT_LOC_STRINGS = NO;
				SWIFT_VERSION = 5.0;
				TARGETED_DEVICE_FAMILY = "1,2";
				TEST_HOST = "$(BUILT_PRODUCTS_DIR)/Sukhpreet-Saini_COMP2125-Sec001_Lab03-Exercise1.app/$(BUNDLE_EXECUTABLE_FOLDER_PATH)/Sukhpreet-Saini_COMP2125-Sec001_Lab03-Exercise1";
			};
			name = Debug;
		};
		23700A422D84A68A00710C75 /* Release */ = {
			isa = XCBuildConfiguration;
			buildSettings = {
				BUNDLE_LOADER = "$(TEST_HOST)";
				CODE_SIGN_STYLE = Automatic;
				CURRENT_PROJECT_VERSION = 1;
				GENERATE_INFOPLIST_FILE = YES;
				IPHONEOS_DEPLOYMENT_TARGET = 18.2;
				MARKETING_VERSION = 1.0;
				PRODUCT_BUNDLE_IDENTIFIER = "GeorgianCollege.Sukhpreet-Saini-COMP2125-Sec001-Lab03-Exercise1Tests";
				PRODUCT_NAME = "$(TARGET_NAME)";
				SWIFT_EMIT_LOC_STRINGS = NO;
				SWIFT_VERSION = 5.0;
				TARGETED_DEVICE_FAMILY = "1,2";
				TEST_HOST = "$(BUILT_PRODUCTS_DIR)/Sukhpreet-Saini_COMP2125-Sec001_Lab03-Exercise1.app/$(BUNDLE_EXECUTABLE_FOLDER_PATH)/Sukhpreet-Saini_COMP2125-Sec001_Lab03-Exercise1";
			};
			name = Release;
		};
		23700A442D84A68A00710C75 /* Debug */ = {
			isa = XCBuildConfiguration;
			buildSettings = {
				CODE_SIGN_STYLE = Automatic;
				CURRENT_PROJECT_VERSION = 1;
				GENERATE_INFOPLIST_FILE = YES;
				MARKETING_VERSION = 1.0;
				PRODUCT_BUNDLE_IDENTIFIER = "GeorgianCollege.Sukhpreet-Saini-COMP2125-Sec001-Lab03-Exercise1UITests";
				PRODUCT_NAME = "$(TARGET_NAME)";
				SWIFT_EMIT_LOC_STRINGS = NO;
				SWIFT_VERSION = 5.0;
				TARGETED_DEVICE_FAMILY = "1,2";
				TEST_TARGET_NAME = "Sukhpreet-Saini_COMP2125-Sec001_Lab03-Exercise1";
			};
			name = Debug;
		};
		23700A452D84A68A00710C75 /* Release */ = {
			isa = XCBuildConfiguration;
			buildSettings = {
				CODE_SIGN_STYLE = Automatic;
				CURRENT_PROJECT_VERSION = 1;
				GENERATE_INFOPLIST_FILE = YES;
				MARKETING_VERSION = 1.0;
				PRODUCT_BUNDLE_IDENTIFIER = "GeorgianCollege.Sukhpreet-Saini-COMP2125-Sec001-Lab03-Exercise1UITests";
				PRODUCT_NAME = "$(TARGET_NAME)";
				SWIFT_EMIT_LOC_STRINGS = NO;
				SWIFT_VERSION = 5.0;
				TARGETED_DEVICE_FAMILY = "1,2";
				TEST_TARGET_NAME = "Sukhpreet-Saini_COMP2125-Sec001_Lab03-Exercise1";
			};
			name = Release;
		};
/* End XCBuildConfiguration section */

/* Begin XCConfigurationList section */
		23700A0D2D84A68800710C75 /* Build configuration list for PBXProject "Sukhpreet-Saini_COMP2125-Sec001_Lab03-Exercise1" */ = {
			isa = XCConfigurationList;
			buildConfigurations = (
				23700A3E2D84A68A00710C75 /* Debug */,
				23700A3F2D84A68A00710C75 /* Release */,
			);
			defaultConfigurationIsVisible = 0;
			defaultConfigurationName = Release;
		};
		23700A3B2D84A68A00710C75 /* Build configuration list for PBXNativeTarget "Sukhpreet-Saini_COMP2125-Sec001_Lab03-Exercise1" */ = {
			isa = XCConfigurationList;
			buildConfigurations = (
				23700A3C2D84A68A00710C75 /* Debug */,
				23700A3D2D84A68A00710C75 /* Release */,
			);
			defaultConfigurationIsVisible = 0;
			defaultConfigurationName = Release;
		};
		23700A402D84A68A00710C75 /* Build configuration list for PBXNativeTarget "Sukhpreet-Saini_COMP2125-Sec001_Lab03-Exercise1Tests" */ = {
			isa = XCConfigurationList;
			buildConfigurations = (
				23700A412D84A68A00710C75 /* Debug */,
				23700A422D84A68A00710C75 /* Release */,
			);
			defaultConfigurationIsVisible = 0;
			defaultConfigurationName = Release;
		};
		23700A432D84A68A00710C75 /* Build configuration list for PBXNativeTarget "Sukhpreet-Saini_COMP2125-Sec001_Lab03-Exercise1UITests" */ = {
			isa = XCConfigurationList;
			buildConfigurations = (
				23700A442D84A68A00710C75 /* Debug */,
				23700A452D84A68A00710C75 /* Release */,
			);
			defaultConfigurationIsVisible = 0;
			defaultConfigurationName = Release;
		};
/* End XCConfigurationList section */
	};
	rootObject = 23700A0A2D84A68800710C75 /* Project object */;
}
